Microsoft Visual Studio Solution File, Format Version 12.00
# Visual Studio Version 17
VisualStudioVersion = 17.11.34909.67
MinimumVisualStudioVersion = 10.0.40219.1
Project("{9A19103F-16F7-4668-BE54-9A1E7A4F7556}") = "BatchProcessing.AppHost", "BatchProcessing.AppHost\BatchProcessing.AppHost.csproj", "{7341BB14-6A53-4F76-9A32-BA3983A933D8}"
EndProject
Project("{9A19103F-16F7-4668-BE54-9A1E7A4F7556}") = "BatchProcessing.ServiceDefaults", "BatchProcessing.ServiceDefaults\BatchProcessing.ServiceDefaults.csproj", "{93164E97-6D73-465F-877B-A478AF53AFA5}"
EndProject
Project("{9A19103F-16F7-4668-BE54-9A1E7A4F7556}") = "BatchProcessing.ApiService", "BatchProcessing.ApiService\BatchProcessing.ApiService.csproj", "{1295453B-7FEC-45FE-983B-F0F3C190B576}"
EndProject
Project("{9A19103F-16F7-4668-BE54-9A1E7A4F7556}") = "BatchProcessing.Web", "BatchProcessing.Web\BatchProcessing.Web.csproj", "{D626F904-853D-4F4E-94E6-B53F9E8BA1C1}"
EndProject
Project("{9A19103F-16F7-4668-BE54-9A1E7A4F7556}") = "BatchProcessing.Engine", "BatchProcessing.Engine\BatchProcessing.Engine.csproj", "{15F207EA-81AE-47E4-8F07-745686D2682E}"
EndProject
Project("{FAE04EC0-301F-11D3-BF4B-00C04F79EFBC}") = "BatchProcessing.Grains", "BatchProcessing.Grains\BatchProcessing.Grains.csproj", "{6C6EBEAD-1296-469C-AD16-518C8284EEB8}"
EndProject
Project("{FAE04EC0-301F-11D3-BF4B-00C04F79EFBC}") = "BatchProcessing.Abstractions", "BatchProcessing.Abstractions\BatchProcessing.Abstractions.csproj", "{16CE1C75-9BBC-4716-ABBF-8537335776CA}"
EndProject
Global
	GlobalSection(SolutionConfigurationPlatforms) = preSolution
		Debug|Any CPU = Debug|Any CPU
		Release|Any CPU = Release|Any CPU
	EndGlobalSection
	GlobalSection(ProjectConfigurationPlatforms) = postSolution
		{7341BB14-6A53-4F76-9A32-BA3983A933D8}.Debug|Any CPU.ActiveCfg = Debug|Any CPU
		{7341BB14-6A53-4F76-9A32-BA3983A933D8}.Debug|Any CPU.Build.0 = Debug|Any CPU
		{7341BB14-6A53-4F76-9A32-BA3983A933D8}.Release|Any CPU.ActiveCfg = Release|Any CPU
		{7341BB14-6A53-4F76-9A32-BA3983A933D8}.Release|Any CPU.Build.0 = Release|Any CPU
		{93164E97-6D73-465F-877B-A478AF53AFA5}.Debug|Any CPU.ActiveCfg = Debug|Any CPU
		{93164E97-6D73-465F-877B-A478AF53AFA5}.Debug|Any CPU.Build.0 = Debug|Any CPU
		{93164E97-6D73-465F-877B-A478AF53AFA5}.Release|Any CPU.ActiveCfg = Release|Any CPU
		{93164E97-6D73-465F-877B-A478AF53AFA5}.Release|Any CPU.Build.0 = Release|Any CPU
		{1295453B-7FEC-45FE-983B-F0F3C190B576}.Debug|Any CPU.ActiveCfg = Debug|Any CPU
		{1295453B-7FEC-45FE-983B-F0F3C190B576}.Debug|Any CPU.Build.0 = Debug|Any CPU
		{1295453B-7FEC-45FE-983B-F0F3C190B576}.Release|Any CPU.ActiveCfg = Release|Any CPU
		{1295453B-7FEC-45FE-983B-F0F3C190B576}.Release|Any CPU.Build.0 = Release|Any CPU
		{D626F904-853D-4F4E-94E6-B53F9E8BA1C1}.Debug|Any CPU.ActiveCfg = Debug|Any CPU
		{D626F904-853D-4F4E-94E6-B53F9E8BA1C1}.Debug|Any CPU.Build.0 = Debug|Any CPU
		{D626F904-853D-4F4E-94E6-B53F9E8BA1C1}.Release|Any CPU.ActiveCfg = Release|Any CPU
		{D626F904-853D-4F4E-94E6-B53F9E8BA1C1}.Release|Any CPU.Build.0 = Release|Any CPU
		{15F207EA-81AE-47E4-8F07-745686D2682E}.Debug|Any CPU.ActiveCfg = Debug|Any CPU
		{15F207EA-81AE-47E4-8F07-745686D2682E}.Debug|Any CPU.Build.0 = Debug|Any CPU
		{15F207EA-81AE-47E4-8F07-745686D2682E}.Release|Any CPU.ActiveCfg = Release|Any CPU
		{15F207EA-81AE-47E4-8F07-745686D2682E}.Release|Any CPU.Build.0 = Release|Any CPU
		{6C6EBEAD-1296-469C-AD16-518C8284EEB8}.Debug|Any CPU.ActiveCfg = Debug|Any CPU
		{6C6EBEAD-1296-469C-AD16-518C8284EEB8}.Debug|Any CPU.Build.0 = Debug|Any CPU
		{6C6EBEAD-1296-469C-AD16-518C8284EEB8}.Release|Any CPU.ActiveCfg = Release|Any CPU
		{6C6EBEAD-1296-469C-AD16-518C8284EEB8}.Release|Any CPU.Build.0 = Release|Any CPU
		{16CE1C75-9BBC-4716-ABBF-8537335776CA}.Debug|Any CPU.ActiveCfg = Debug|Any CPU
		{16CE1C75-9BBC-4716-ABBF-8537335776CA}.Debug|Any CPU.Build.0 = Debug|Any CPU
		{16CE1C75-9BBC-4716-ABBF-8537335776CA}.Release|Any CPU.ActiveCfg = Release|Any CPU
		{16CE1C75-9BBC-4716-ABBF-8537335776CA}.Release|Any CPU.Build.0 = Release|Any CPU
	EndGlobalSection
	GlobalSection(SolutionProperties) = preSolution
		HideSolutionNode = FALSE
	EndGlobalSection
	GlobalSection(ExtensibilityGlobals) = postSolution
		SolutionGuid = {19770AAE-F539-4FFF-9397-7F9C38F3EC0D}
	EndGlobalSection
EndGlobal
